
Microsoft Visual Studio Solution File, Format Version 12.00
# Visual Studio Version 17
VisualStudioVersion = 17.5.002.0
MinimumVisualStudioVersion = 10.0.40219.1
Project("{9A19103F-16F7-4668-BE54-9A1E7A4F7556}") = "ProductApi", "ProductApi.csproj", "{A67935E9-D7D8-4C28-94C4-A73E5CC3C2BB}"
EndProject
Global
	GlobalSection(SolutionConfigurationPlatforms) = preSolution
		Debug|Any CPU = Debug|Any CPU
		Release|Any CPU = Release|Any CPU
	EndGlobalSection
	GlobalSection(ProjectConfigurationPlatforms) = postSolution
		{A67935E9-D7D8-4C28-94C4-A73E5CC3C2BB}.Debug|Any CPU.ActiveCfg = Debug|Any CPU
		{A67935E9-D7D8-4C28-94C4-A73E5CC3C2BB}.Debug|Any CPU.Build.0 = Debug|Any CPU
		{A67935E9-D7D8-4C28-94C4-A73E5CC3C2BB}.Release|Any CPU.ActiveCfg = Release|Any CPU
		{A67935E9-D7D8-4C28-94C4-A73E5CC3C2BB}.Release|Any CPU.Build.0 = Release|Any CPU
	EndGlobalSection
	GlobalSection(SolutionProperties) = preSolution
		HideSolutionNode = FALSE
	EndGlobalSection
	GlobalSection(ExtensibilityGlobals) = postSolution
		SolutionGuid = {E9B751A1-D443-4719-AFE5-746A69A727D2}
	EndGlobalSection
EndGlobal
